
Microsoft Visual Studio Solution File, Format Version 12.00
# Visual Studio Version 16
VisualStudioVersion = 16.0.31624.102
MinimumVisualStudioVersion = 10.0.40219.1
Project("{8BC9CEB8-8B4A-11D0-8D11-00A0C91BC942}") = "AlgoLab5", "AlgoLab5\AlgoLab5.vcxproj", "{398E241A-8060-459F-ACCE-45F64C0E7860}"
EndProject
Global
	GlobalSection(SolutionConfigurationPlatforms) = preSolution
		Debug|x64 = Debug|x64
		Debug|x86 = Debug|x86
		Release|x64 = Release|x64
		Release|x86 = Release|x86
	EndGlobalSection
	GlobalSection(ProjectConfigurationPlatforms) = postSolution
		{398E241A-8060-459F-ACCE-45F64C0E7860}.Debug|x64.ActiveCfg = Debug|x64
		{398E241A-8060-459F-ACCE-45F64C0E7860}.Debug|x64.Build.0 = Debug|x64
		{398E241A-8060-459F-ACCE-45F64C0E7860}.Debug|x86.ActiveCfg = Debug|Win32
		{398E241A-8060-459F-ACCE-45F64C0E7860}.Debug|x86.Build.0 = Debug|Win32
		{398E241A-8060-459F-ACCE-45F64C0E7860}.Release|x64.ActiveCfg = Release|x64
		{398E241A-8060-459F-ACCE-45F64C0E7860}.Release|x64.Build.0 = Release|x64
		{398E241A-8060-459F-ACCE-45F64C0E7860}.Release|x86.ActiveCfg = Release|Win32
		{398E241A-8060-459F-ACCE-45F64C0E7860}.Release|x86.Build.0 = Release|Win32
	EndGlobalSection
	GlobalSection(SolutionProperties) = preSolution
		HideSolutionNode = FALSE
	EndGlobalSection
	GlobalSection(ExtensibilityGlobals) = postSolution
		SolutionGuid = {8C49615B-CD1C-44DB-BAFA-C0977252BC25}
	EndGlobalSection
EndGlobal
